
Microsoft Visual Studio Solution File, Format Version 12.00
# Visual Studio Version 16
VisualStudioVersion = 16.0.31129.286
MinimumVisualStudioVersion = 10.0.40219.1
Project("{FAE04EC0-301F-11D3-BF4B-00C04F79EFBC}") = "AlgoProblems", "AlgoProblems\AlgoProblems.csproj", "{BC131F45-9824-43D5-B698-6A2930FAC815}"
EndProject
Global
	GlobalSection(SolutionConfigurationPlatforms) = preSolution
		Debug|Any CPU = Debug|Any CPU
		Release|Any CPU = Release|Any CPU
	EndGlobalSection
	GlobalSection(ProjectConfigurationPlatforms) = postSolution
		{BC131F45-9824-43D5-B698-6A2930FAC815}.Debug|Any CPU.ActiveCfg = Debug|Any CPU
		{BC131F45-9824-43D5-B698-6A2930FAC815}.Debug|Any CPU.Build.0 = Debug|Any CPU
		{BC131F45-9824-43D5-B698-6A2930FAC815}.Release|Any CPU.ActiveCfg = Release|Any CPU
		{BC131F45-9824-43D5-B698-6A2930FAC815}.Release|Any CPU.Build.0 = Release|Any CPU
	EndGlobalSection
	GlobalSection(SolutionProperties) = preSolution
		HideSolutionNode = FALSE
	EndGlobalSection
	GlobalSection(ExtensibilityGlobals) = postSolution
		SolutionGuid = {781E8D2F-145E-47A0-83A4-05E62670486B}
	EndGlobalSection
EndGlobal
